// !$*UTF8*$!
{
	archiveVersion = 1;
	classes = {
	};
	objectVersion = 46;
	objects = {

/* Begin PBXBuildFile section */
		83837CBC1FBE032300E730DB /* GoogleService-Info.plist in Resources */ = {isa = PBXBuildFile; fileRef = 83837CBB1FBE032300E730DB /* GoogleService-Info.plist */; };
		83837CC01FBE4C2000E730DB /* HomePageViewController.swift in Sources */ = {isa = PBXBuildFile; fileRef = 83837CBF1FBE4C2000E730DB /* HomePageViewController.swift */; };
		83837CC21FBE877800E730DB /* ConnectViewController.swift in Sources */ = {isa = PBXBuildFile; fileRef = 83837CC11FBE877800E730DB /* ConnectViewController.swift */; };
		83AE3D991ED1DB8A00B97D10 /* AppDelegate.swift in Sources */ = {isa = PBXBuildFile; fileRef = 83AE3D981ED1DB8A00B97D10 /* AppDelegate.swift */; };
		83AE3D9E1ED1DB8A00B97D10 /* Main.storyboard in Resources */ = {isa = PBXBuildFile; fileRef = 83AE3D9C1ED1DB8A00B97D10 /* Main.storyboard */; };
		83AE3DA01ED1DB8A00B97D10 /* Assets.xcassets in Resources */ = {isa = PBXBuildFile; fileRef = 83AE3D9F1ED1DB8A00B97D10 /* Assets.xcassets */; };
		83AE3DA31ED1DB8A00B97D10 /* LaunchScreen.storyboard in Resources */ = {isa = PBXBuildFile; fileRef = 83AE3DA11ED1DB8A00B97D10 /* LaunchScreen.storyboard */; };
		83AE3DAE1ED1DB8A00B97D10 /* kbciOSTests.swift in Sources */ = {isa = PBXBuildFile; fileRef = 83AE3DAD1ED1DB8A00B97D10 /* kbciOSTests.swift */; };
		83AE3DB91ED1DB8A00B97D10 /* kbciOSUITests.swift in Sources */ = {isa = PBXBuildFile; fileRef = 83AE3DB81ED1DB8A00B97D10 /* kbciOSUITests.swift */; };
		83F7FA441F368988005E0C46 /* Audio.swift in Sources */ = {isa = PBXBuildFile; fileRef = 83F7FA431F368988005E0C46 /* Audio.swift */; };
		9E8250BA84B31B9128E1319A /* Pods_kbciOSUITests.framework in Frameworks */ = {isa = PBXBuildFile; fileRef = C6CE693912CFF47AC1614C23 /* Pods_kbciOSUITests.framework */; };
		ADCD0C7D0DEBE9DF2AC87FE5 /* Pods_kbciOSTests.framework in Frameworks */ = {isa = PBXBuildFile; fileRef = AD4C087B84E0A6C706E8D194 /* Pods_kbciOSTests.framework */; };
		D8D8D392CE1A1DE0E4359038 /* Pods_kbciOS.framework in Frameworks */ = {isa = PBXBuildFile; fileRef = 5EE343D0EB04E0320ADB645D /* Pods_kbciOS.framework */; };
/* End PBXBuildFile section */

/* Begin PBXContainerItemProxy section */
		83AE3DAA1ED1DB8A00B97D10 /* PBXContainerItemProxy */ = {
			isa = PBXContainerItemProxy;
			containerPortal = 83AE3D8D1ED1DB8A00B97D10 /* Project object */;
			proxyType = 1;
			remoteGlobalIDString = 83AE3D941ED1DB8A00B97D10;
			remoteInfo = kbciOS;
		};
		83AE3DB51ED1DB8A00B97D10 /* PBXContainerItemProxy */ = {
			isa = PBXContainerItemProxy;
			containerPortal = 83AE3D8D1ED1DB8A00B97D10 /* Project object */;
			proxyType = 1;
			remoteGlobalIDString = 83AE3D941ED1DB8A00B97D10;
			remoteInfo = kbciOS;
		};
/* End PBXContainerItemProxy section */

/* Begin PBXFileReference section */
		087FB7536B3D625010192F0C /* Pods-kbciOSTests.debug.xcconfig */ = {isa = PBXFileReference; includeInIndex = 1; lastKnownFileType = text.xcconfig; name = "Pods-kbciOSTests.debug.xcconfig"; path = "Pods/Target Support Files/Pods-kbciOSTests/Pods-kbciOSTests.debug.xcconfig"; sourceTree = "<group>"; };
		5EE343D0EB04E0320ADB645D /* Pods_kbciOS.framework */ = {isa = PBXFileReference; explicitFileType = wrapper.framework; includeInIndex = 0; path = Pods_kbciOS.framework; sourceTree = BUILT_PRODUCTS_DIR; };
		77967B695DC414ABDD90ECFA /* Pods-kbciOSUITests.release.xcconfig */ = {isa = PBXFileReference; includeInIndex = 1; lastKnownFileType = text.xcconfig; name = "Pods-kbciOSUITests.release.xcconfig"; path = "Pods/Target Support Files/Pods-kbciOSUITests/Pods-kbciOSUITests.release.xcconfig"; sourceTree = "<group>"; };
		83837CBB1FBE032300E730DB /* GoogleService-Info.plist */ = {isa = PBXFileReference; fileEncoding = 4; lastKnownFileType = text.plist.xml; path = "GoogleService-Info.plist"; sourceTree = "<group>"; };
		83837CBF1FBE4C2000E730DB /* HomePageViewController.swift */ = {isa = PBXFileReference; lastKnownFileType = sourcecode.swift; name = HomePageViewController.swift; path = /Users/Chris/GitHub/kbciOS/kbciOS/HomePageViewController.swift; sourceTree = "<absolute>"; };
		83837CC11FBE877800E730DB /* ConnectViewController.swift */ = {isa = PBXFileReference; lastKnownFileType = sourcecode.swift; path = ConnectViewController.swift; sourceTree = "<group>"; };
		83AE3D951ED1DB8A00B97D10 /* kbciOS.app */ = {isa = PBXFileReference; explicitFileType = wrapper.application; includeInIndex = 0; path = kbciOS.app; sourceTree = BUILT_PRODUCTS_DIR; };
		83AE3D981ED1DB8A00B97D10 /* AppDelegate.swift */ = {isa = PBXFileReference; lastKnownFileType = sourcecode.swift; path = AppDelegate.swift; sourceTree = "<group>"; };
		83AE3D9D1ED1DB8A00B97D10 /* Base */ = {isa = PBXFileReference; lastKnownFileType = file.storyboard; name = Base; path = Base.lproj/Main.storyboard; sourceTree = "<group>"; };
		83AE3D9F1ED1DB8A00B97D10 /* Assets.xcassets */ = {isa = PBXFileReference; lastKnownFileType = folder.assetcatalog; path = Assets.xcassets; sourceTree = "<group>"; };
		83AE3DA21ED1DB8A00B97D10 /* Base */ = {isa = PBXFileReference; lastKnownFileType = file.storyboard; name = Base; path = Base.lproj/LaunchScreen.storyboard; sourceTree = "<group>"; };
		83AE3DA41ED1DB8A00B97D10 /* Info.plist */ = {isa = PBXFileReference; lastKnownFileType = text.plist.xml; path = Info.plist; sourceTree = "<group>"; };
		83AE3DA91ED1DB8A00B97D10 /* kbciOSTests.xctest */ = {isa = PBXFileReference; explicitFileType = wrapper.cfbundle; includeInIndex = 0; path = kbciOSTests.xctest; sourceTree = BUILT_PRODUCTS_DIR; };
		83AE3DAD1ED1DB8A00B97D10 /* kbciOSTests.swift */ = {isa = PBXFileReference; lastKnownFileType = sourcecode.swift; path = kbciOSTests.swift; sourceTree = "<group>"; };
		83AE3DAF1ED1DB8A00B97D10 /* Info.plist */ = {isa = PBXFileReference; lastKnownFileType = text.plist.xml; path = Info.plist; sourceTree = "<group>"; };
		83AE3DB41ED1DB8A00B97D10 /* kbciOSUITests.xctest */ = {isa = PBXFileReference; explicitFileType = wrapper.cfbundle; includeInIndex = 0; path = kbciOSUITests.xctest; sourceTree = BUILT_PRODUCTS_DIR; };
		83AE3DB81ED1DB8A00B97D10 /* kbciOSUITests.swift */ = {isa = PBXFileReference; lastKnownFileType = sourcecode.swift; path = kbciOSUITests.swift; sourceTree = "<group>"; };
		83AE3DBA1ED1DB8A00B97D10 /* Info.plist */ = {isa = PBXFileReference; lastKnownFileType = text.plist.xml; path = Info.plist; sourceTree = "<group>"; };
		83F7FA431F368988005E0C46 /* Audio.swift */ = {isa = PBXFileReference; fileEncoding = 4; lastKnownFileType = sourcecode.swift; path = Audio.swift; sourceTree = "<group>"; };
		AD4C087B84E0A6C706E8D194 /* Pods_kbciOSTests.framework */ = {isa = PBXFileReference; explicitFileType = wrapper.framework; includeInIndex = 0; path = Pods_kbciOSTests.framework; sourceTree = BUILT_PRODUCTS_DIR; };
		B533FC971E12F744F4EB6EBD /* Pods-kbciOS.release.xcconfig */ = {isa = PBXFileReference; includeInIndex = 1; lastKnownFileType = text.xcconfig; name = "Pods-kbciOS.release.xcconfig"; path = "Pods/Target Support Files/Pods-kbciOS/Pods-kbciOS.release.xcconfig"; sourceTree = "<group>"; };
		C6CE693912CFF47AC1614C23 /* Pods_kbciOSUITests.framework */ = {isa = PBXFileReference; explicitFileType = wrapper.framework; includeInIndex = 0; path = Pods_kbciOSUITests.framework; sourceTree = BUILT_PRODUCTS_DIR; };
		CA4BC513B0A7AC1DAD49B1D4 /* Pods-kbciOS.debug.xcconfig */ = {isa = PBXFileReference; includeInIndex = 1; lastKnownFileType = text.xcconfig; name = "Pods-kbciOS.debug.xcconfig"; path = "Pods/Target Support Files/Pods-kbciOS/Pods-kbciOS.debug.xcconfig"; sourceTree = "<group>"; };
		D61F011EC7963A45797D3391 /* Pods-kbciOSUITests.debug.xcconfig */ = {isa = PBXFileReference; includeInIndex = 1; lastKnownFileType = text.xcconfig; name = "Pods-kbciOSUITests.debug.xcconfig"; path = "Pods/Target Support Files/Pods-kbciOSUITests/Pods-kbciOSUITests.debug.xcconfig"; sourceTree = "<group>"; };
		DEEA6F744BEAB05886242CFB /* Pods-kbciOSTests.release.xcconfig */ = {isa = PBXFileReference; includeInIndex = 1; lastKnownFileType = text.xcconfig; name = "Pods-kbciOSTests.release.xcconfig"; path = "Pods/Target Support Files/Pods-kbciOSTests/Pods-kbciOSTests.release.xcconfig"; sourceTree = "<group>"; };
/* End PBXFileReference section */

/* Begin PBXFrameworksBuildPhase section */
		83AE3D921ED1DB8A00B97D10 /* Frameworks */ = {
			isa = PBXFrameworksBuildPhase;
			buildActionMask = 2147483647;
			files = (
				D8D8D392CE1A1DE0E4359038 /* Pods_kbciOS.framework in Frameworks */,
			);
			runOnlyForDeploymentPostprocessing = 0;
		};
		83AE3DA61ED1DB8A00B97D10 /* Frameworks */ = {
			isa = PBXFrameworksBuildPhase;
			buildActionMask = 2147483647;
			files = (
				ADCD0C7D0DEBE9DF2AC87FE5 /* Pods_kbciOSTests.framework in Frameworks */,
			);
			runOnlyForDeploymentPostprocessing = 0;
		};
		83AE3DB11ED1DB8A00B97D10 /* Frameworks */ = {
			isa = PBXFrameworksBuildPhase;
			buildActionMask = 2147483647;
			files = (
				9E8250BA84B31B9128E1319A /* Pods_kbciOSUITests.framework in Frameworks */,
			);
			runOnlyForDeploymentPostprocessing = 0;
		};
/* End PBXFrameworksBuildPhase section */

/* Begin PBXGroup section */
		83AE3D8C1ED1DB8A00B97D10 = {
			isa = PBXGroup;
			children = (
				83AE3D971ED1DB8A00B97D10 /* kbciOS */,
				83AE3DAC1ED1DB8A00B97D10 /* kbciOSTests */,
				83AE3DB71ED1DB8A00B97D10 /* kbciOSUITests */,
				83AE3D961ED1DB8A00B97D10 /* Products */,
				93E893BF2432717699600661 /* Pods */,
				DF6D90C5E5B9CD45793F456C /* Frameworks */,
			);
			sourceTree = "<group>";
		};
		83AE3D961ED1DB8A00B97D10 /* Products */ = {
			isa = PBXGroup;
			children = (
				83AE3D951ED1DB8A00B97D10 /* kbciOS.app */,
				83AE3DA91ED1DB8A00B97D10 /* kbciOSTests.xctest */,
				83AE3DB41ED1DB8A00B97D10 /* kbciOSUITests.xctest */,
			);
			name = Products;
			sourceTree = "<group>";
		};
		83AE3D971ED1DB8A00B97D10 /* kbciOS */ = {
			isa = PBXGroup;
			children = (
				83AE3D981ED1DB8A00B97D10 /* AppDelegate.swift */,
				83837CBF1FBE4C2000E730DB /* HomePageViewController.swift */,
				83AE3D9C1ED1DB8A00B97D10 /* Main.storyboard */,
				83AE3D9F1ED1DB8A00B97D10 /* Assets.xcassets */,
				83AE3DA11ED1DB8A00B97D10 /* LaunchScreen.storyboard */,
				83AE3DA41ED1DB8A00B97D10 /* Info.plist */,
				83F7FA431F368988005E0C46 /* Audio.swift */,
				83837CBB1FBE032300E730DB /* GoogleService-Info.plist */,
				83837CC11FBE877800E730DB /* ConnectViewController.swift */,
			);
			path = kbciOS;
			sourceTree = "<group>";
		};
		83AE3DAC1ED1DB8A00B97D10 /* kbciOSTests */ = {
			isa = PBXGroup;
			children = (
				83AE3DAD1ED1DB8A00B97D10 /* kbciOSTests.swift */,
				83AE3DAF1ED1DB8A00B97D10 /* Info.plist */,
			);
			path = kbciOSTests;
			sourceTree = "<group>";
		};
		83AE3DB71ED1DB8A00B97D10 /* kbciOSUITests */ = {
			isa = PBXGroup;
			children = (
				83AE3DB81ED1DB8A00B97D10 /* kbciOSUITests.swift */,
				83AE3DBA1ED1DB8A00B97D10 /* Info.plist */,
			);
			path = kbciOSUITests;
			sourceTree = "<group>";
		};
		93E893BF2432717699600661 /* Pods */ = {
			isa = PBXGroup;
			children = (
				CA4BC513B0A7AC1DAD49B1D4 /* Pods-kbciOS.debug.xcconfig */,
				B533FC971E12F744F4EB6EBD /* Pods-kbciOS.release.xcconfig */,
				087FB7536B3D625010192F0C /* Pods-kbciOSTests.debug.xcconfig */,
				DEEA6F744BEAB05886242CFB /* Pods-kbciOSTests.release.xcconfig */,
				D61F011EC7963A45797D3391 /* Pods-kbciOSUITests.debug.xcconfig */,
				77967B695DC414ABDD90ECFA /* Pods-kbciOSUITests.release.xcconfig */,
			);
			name = Pods;
			sourceTree = "<group>";
		};
		DF6D90C5E5B9CD45793F456C /* Frameworks */ = {
			isa = PBXGroup;
			children = (
				5EE343D0EB04E0320ADB645D /* Pods_kbciOS.framework */,
				AD4C087B84E0A6C706E8D194 /* Pods_kbciOSTests.framework */,
				C6CE693912CFF47AC1614C23 /* Pods_kbciOSUITests.framework */,
			);
			name = Frameworks;
			sourceTree = "<group>";
		};
/* End PBXGroup section */

/* Begin PBXNativeTarget section */
		83AE3D941ED1DB8A00B97D10 /* kbciOS */ = {
			isa = PBXNativeTarget;
			buildConfigurationList = 83AE3DBD1ED1DB8A00B97D10 /* Build configuration list for PBXNativeTarget "kbciOS" */;
			buildPhases = (
				803C45FBCA7112806ECF2927 /* [CP] Check Pods Manifest.lock */,
				83AE3D911ED1DB8A00B97D10 /* Sources */,
				83AE3D921ED1DB8A00B97D10 /* Frameworks */,
				83AE3D931ED1DB8A00B97D10 /* Resources */,
				A5A5900355D8E744B71B21EB /* [CP] Embed Pods Frameworks */,
				7DD833FF6C427035AE80824F /* [CP] Copy Pods Resources */,
			);
			buildRules = (
			);
			dependencies = (
			);
			name = kbciOS;
			productName = kbciOS;
			productReference = 83AE3D951ED1DB8A00B97D10 /* kbciOS.app */;
			productType = "com.apple.product-type.application";
		};
		83AE3DA81ED1DB8A00B97D10 /* kbciOSTests */ = {
			isa = PBXNativeTarget;
			buildConfigurationList = 83AE3DC01ED1DB8A00B97D10 /* Build configuration list for PBXNativeTarget "kbciOSTests" */;
			buildPhases = (
				4C8D8A020C2666F6F9AA5829 /* [CP] Check Pods Manifest.lock */,
				83AE3DA51ED1DB8A00B97D10 /* Sources */,
				83AE3DA61ED1DB8A00B97D10 /* Frameworks */,
				83AE3DA71ED1DB8A00B97D10 /* Resources */,
				8405F16A708108B7ABBD9DCC /* [CP] Embed Pods Frameworks */,
				7897B0D1D2E3D664A06984EE /* [CP] Copy Pods Resources */,
			);
			buildRules = (
			);
			dependencies = (
				83AE3DAB1ED1DB8A00B97D10 /* PBXTargetDependency */,
			);
			name = kbciOSTests;
			productName = kbciOSTests;
			productReference = 83AE3DA91ED1DB8A00B97D10 /* kbciOSTests.xctest */;
			productType = "com.apple.product-type.bundle.unit-test";
		};
		83AE3DB31ED1DB8A00B97D10 /* kbciOSUITests */ = {
			isa = PBXNativeTarget;
			buildConfigurationList = 83AE3DC31ED1DB8A00B97D10 /* Build configuration list for PBXNativeTarget "kbciOSUITests" */;
			buildPhases = (
				09A708661FBEF848E64360C9 /* [CP] Check Pods Manifest.lock */,
				83AE3DB01ED1DB8A00B97D10 /* Sources */,
				83AE3DB11ED1DB8A00B97D10 /* Frameworks */,
				83AE3DB21ED1DB8A00B97D10 /* Resources */,
				8C8A3C944009D6C9FD4807AE /* [CP] Embed Pods Frameworks */,
				9C28945BE3D00422B7CC6930 /* [CP] Copy Pods Resources */,
			);
			buildRules = (
			);
			dependencies = (
				83AE3DB61ED1DB8A00B97D10 /* PBXTargetDependency */,
			);
			name = kbciOSUITests;
			productName = kbciOSUITests;
			productReference = 83AE3DB41ED1DB8A00B97D10 /* kbciOSUITests.xctest */;
			productType = "com.apple.product-type.bundle.ui-testing";
		};
/* End PBXNativeTarget section */

/* Begin PBXProject section */
		83AE3D8D1ED1DB8A00B97D10 /* Project object */ = {
			isa = PBXProject;
			attributes = {
				LastSwiftUpdateCheck = 0830;
				LastUpgradeCheck = 0910;
				ORGANIZATIONNAME = "Christopher Magesty";
				TargetAttributes = {
					83AE3D941ED1DB8A00B97D10 = {
						CreatedOnToolsVersion = 8.3.1;
						DevelopmentTeam = 642Y56GPE5;
						LastSwiftMigration = 0910;
						ProvisioningStyle = Automatic;
					};
					83AE3DA81ED1DB8A00B97D10 = {
						CreatedOnToolsVersion = 8.3.1;
						DevelopmentTeam = 642Y56GPE5;
						LastSwiftMigration = 0910;
						ProvisioningStyle = Automatic;
						TestTargetID = 83AE3D941ED1DB8A00B97D10;
					};
					83AE3DB31ED1DB8A00B97D10 = {
						CreatedOnToolsVersion = 8.3.1;
						DevelopmentTeam = 642Y56GPE5;
						LastSwiftMigration = 0910;
						ProvisioningStyle = Automatic;
						TestTargetID = 83AE3D941ED1DB8A00B97D10;
					};
				};
			};
			buildConfigurationList = 83AE3D901ED1DB8A00B97D10 /* Build configuration list for PBXProject "kbciOS" */;
			compatibilityVersion = "Xcode 3.2";
			developmentRegion = English;
			hasScannedForEncodings = 0;
			knownRegions = (
				en,
				Base,
			);
			mainGroup = 83AE3D8C1ED1DB8A00B97D10;
			productRefGroup = 83AE3D961ED1DB8A00B97D10 /* Products */;
			projectDirPath = "";
			projectRoot = "";
			targets = (
				83AE3D941ED1DB8A00B97D10 /* kbciOS */,
				83AE3DA81ED1DB8A00B97D10 /* kbciOSTests */,
				83AE3DB31ED1DB8A00B97D10 /* kbciOSUITests */,
			);
		};
/* End PBXProject section */

/* Begin PBXResourcesBuildPhase section */
		83AE3D931ED1DB8A00B97D10 /* Resources */ = {
			isa = PBXResourcesBuildPhase;
			buildActionMask = 2147483647;
			files = (
				83AE3DA31ED1DB8A00B97D10 /* LaunchScreen.storyboard in Resources */,
				83837CBC1FBE032300E730DB /* GoogleService-Info.plist in Resources */,
				83AE3DA01ED1DB8A00B97D10 /* Assets.xcassets in Resources */,
				83AE3D9E1ED1DB8A00B97D10 /* Main.storyboard in Resources */,
			);
			runOnlyForDeploymentPostprocessing = 0;
		};
		83AE3DA71ED1DB8A00B97D10 /* Resources */ = {
			isa = PBXResourcesBuildPhase;
			buildActionMask = 2147483647;
			files = (
			);
			runOnlyForDeploymentPostprocessing = 0;
		};
		83AE3DB21ED1DB8A00B97D10 /* Resources */ = {
			isa = PBXResourcesBuildPhase;
			buildActionMask = 2147483647;
			files = (
			);
			runOnlyForDeploymentPostprocessing = 0;
		};
/* End PBXResourcesBuildPhase section */

/* Begin PBXShellScriptBuildPhase section */
		09A708661FBEF848E64360C9 /* [CP] Check Pods Manifest.lock */ = {
			isa = PBXShellScriptBuildPhase;
			buildActionMask = 2147483647;
			files = (
			);
			inputPaths = (
			);
			name = "[CP] Check Pods Manifest.lock";
			outputPaths = (
			);
			runOnlyForDeploymentPostprocessing = 0;
			shellPath = /bin/sh;
			shellScript = "diff \"${PODS_PODFILE_DIR_PATH}/Podfile.lock\" \"${PODS_ROOT}/Manifest.lock\" > /dev/null\nif [ $? != 0 ] ; then\n    # print error to STDERR\n    echo \"error: The sandbox is not in sync with the Podfile.lock. Run 'pod install' or update your CocoaPods installation.\" >&2\n    exit 1\nfi\n";
			showEnvVarsInLog = 0;
		};
		4C8D8A020C2666F6F9AA5829 /* [CP] Check Pods Manifest.lock */ = {
			isa = PBXShellScriptBuildPhase;
			buildActionMask = 2147483647;
			files = (
			);
			inputPaths = (
			);
			name = "[CP] Check Pods Manifest.lock";
			outputPaths = (
			);
			runOnlyForDeploymentPostprocessing = 0;
			shellPath = /bin/sh;
			shellScript = "diff \"${PODS_PODFILE_DIR_PATH}/Podfile.lock\" \"${PODS_ROOT}/Manifest.lock\" > /dev/null\nif [ $? != 0 ] ; then\n    # print error to STDERR\n    echo \"error: The sandbox is not in sync with the Podfile.lock. Run 'pod install' or update your CocoaPods installation.\" >&2\n    exit 1\nfi\n";
			showEnvVarsInLog = 0;
		};
		7897B0D1D2E3D664A06984EE /* [CP] Copy Pods Resources */ = {
			isa = PBXShellScriptBuildPhase;
			buildActionMask = 2147483647;
			files = (
			);
			inputPaths = (
			);
			name = "[CP] Copy Pods Resources";
			outputPaths = (
			);
			runOnlyForDeploymentPostprocessing = 0;
			shellPath = /bin/sh;
			shellScript = "\"${SRCROOT}/Pods/Target Support Files/Pods-kbciOSTests/Pods-kbciOSTests-resources.sh\"\n";
			showEnvVarsInLog = 0;
		};
		7DD833FF6C427035AE80824F /* [CP] Copy Pods Resources */ = {
			isa = PBXShellScriptBuildPhase;
			buildActionMask = 2147483647;
			files = (
			);
			inputPaths = (
			);
			name = "[CP] Copy Pods Resources";
			outputPaths = (
			);
			runOnlyForDeploymentPostprocessing = 0;
			shellPath = /bin/sh;
			shellScript = "\"${SRCROOT}/Pods/Target Support Files/Pods-kbciOS/Pods-kbciOS-resources.sh\"\n";
			showEnvVarsInLog = 0;
		};
		803C45FBCA7112806ECF2927 /* [CP] Check Pods Manifest.lock */ = {
			isa = PBXShellScriptBuildPhase;
			buildActionMask = 2147483647;
			files = (
			);
			inputPaths = (
			);
			name = "[CP] Check Pods Manifest.lock";
			outputPaths = (
			);
			runOnlyForDeploymentPostprocessing = 0;
			shellPath = /bin/sh;
			shellScript = "diff \"${PODS_PODFILE_DIR_PATH}/Podfile.lock\" \"${PODS_ROOT}/Manifest.lock\" > /dev/null\nif [ $? != 0 ] ; then\n    # print error to STDERR\n    echo \"error: The sandbox is not in sync with the Podfile.lock. Run 'pod install' or update your CocoaPods installation.\" >&2\n    exit 1\nfi\n";
			showEnvVarsInLog = 0;
		};
		8405F16A708108B7ABBD9DCC /* [CP] Embed Pods Frameworks */ = {
			isa = PBXShellScriptBuildPhase;
			buildActionMask = 2147483647;
			files = (
			);
			inputPaths = (
			);
			name = "[CP] Embed Pods Frameworks";
			outputPaths = (
			);
			runOnlyForDeploymentPostprocessing = 0;
			shellPath = /bin/sh;
			shellScript = "\"${SRCROOT}/Pods/Target Support Files/Pods-kbciOSTests/Pods-kbciOSTests-frameworks.sh\"\n";
			showEnvVarsInLog = 0;
		};
		8C8A3C944009D6C9FD4807AE /* [CP] Embed Pods Frameworks */ = {
			isa = PBXShellScriptBuildPhase;
			buildActionMask = 2147483647;
			files = (
			);
			inputPaths = (
			);
			name = "[CP] Embed Pods Frameworks";
			outputPaths = (
			);
			runOnlyForDeploymentPostprocessing = 0;
			shellPath = /bin/sh;
			shellScript = "\"${SRCROOT}/Pods/Target Support Files/Pods-kbciOSUITests/Pods-kbciOSUITests-frameworks.sh\"\n";
			showEnvVarsInLog = 0;
		};
		9C28945BE3D00422B7CC6930 /* [CP] Copy Pods Resources */ = {
			isa = PBXShellScriptBuildPhase;
			buildActionMask = 2147483647;
			files = (
			);
			inputPaths = (
			);
			name = "[CP] Copy Pods Resources";
			outputPaths = (
			);
			runOnlyForDeploymentPostprocessing = 0;
			shellPath = /bin/sh;
			shellScript = "\"${SRCROOT}/Pods/Target Support Files/Pods-kbciOSUITests/Pods-kbciOSUITests-resources.sh\"\n";
			showEnvVarsInLog = 0;
		};
		A5A5900355D8E744B71B21EB /* [CP] Embed Pods Frameworks */ = {
			isa = PBXShellScriptBuildPhase;
			buildActionMask = 2147483647;
			files = (
			);
			inputPaths = (
			);
			name = "[CP] Embed Pods Frameworks";
			outputPaths = (
			);
			runOnlyForDeploymentPostprocessing = 0;
			shellPath = /bin/sh;
			shellScript = "\"${SRCROOT}/Pods/Target Support Files/Pods-kbciOS/Pods-kbciOS-frameworks.sh\"\n";
			showEnvVarsInLog = 0;
		};
/* End PBXShellScriptBuildPhase section */

/* Begin PBXSourcesBuildPhase section */
		83AE3D911ED1DB8A00B97D10 /* Sources */ = {
			isa = PBXSourcesBuildPhase;
			buildActionMask = 2147483647;
			files = (
				83837CC01FBE4C2000E730DB /* HomePageViewController.swift in Sources */,
				83F7FA441F368988005E0C46 /* Audio.swift in Sources */,
				83AE3D991ED1DB8A00B97D10 /* AppDelegate.swift in Sources */,
				83837CC21FBE877800E730DB /* ConnectViewController.swift in Sources */,
			);
			runOnlyForDeploymentPostprocessing = 0;
		};
		83AE3DA51ED1DB8A00B97D10 /* Sources */ = {
			isa = PBXSourcesBuildPhase;
			buildActionMask = 2147483647;
			files = (
				83AE3DAE1ED1DB8A00B97D10 /* kbciOSTests.swift in Sources */,
			);
			runOnlyForDeploymentPostprocessing = 0;
		};
		83AE3DB01ED1DB8A00B97D10 /* Sources */ = {
			isa = PBXSourcesBuildPhase;
			buildActionMask = 2147483647;
			files = (
				83AE3DB91ED1DB8A00B97D10 /* kbciOSUITests.swift in Sources */,
			);
			runOnlyForDeploymentPostprocessing = 0;
		};
/* End PBXSourcesBuildPhase section */

/* Begin PBXTargetDependency section */
		83AE3DAB1ED1DB8A00B97D10 /* PBXTargetDependency */ = {
			isa = PBXTargetDependency;
			target = 83AE3D941ED1DB8A00B97D10 /* kbciOS */;
			targetProxy = 83AE3DAA1ED1DB8A00B97D10 /* PBXContainerItemProxy */;
		};
		83AE3DB61ED1DB8A00B97D10 /* PBXTargetDependency */ = {
			isa = PBXTargetDependency;
			target = 83AE3D941ED1DB8A00B97D10 /* kbciOS */;
			targetProxy = 83AE3DB51ED1DB8A00B97D10 /* PBXContainerItemProxy */;
		};
/* End PBXTargetDependency section */

/* Begin PBXVariantGroup section */
		83AE3D9C1ED1DB8A00B97D10 /* Main.storyboard */ = {
			isa = PBXVariantGroup;
			children = (
				83AE3D9D1ED1DB8A00B97D10 /* Base */,
			);
			name = Main.storyboard;
			sourceTree = "<group>";
		};
		83AE3DA11ED1DB8A00B97D10 /* LaunchScreen.storyboard */ = {
			isa = PBXVariantGroup;
			children = (
				83AE3DA21ED1DB8A00B97D10 /* Base */,
			);
			name = LaunchScreen.storyboard;
			sourceTree = "<group>";
		};
/* End PBXVariantGroup section */

/* Begin XCBuildConfiguration section */
		83AE3DBB1ED1DB8A00B97D10 /* Debug */ = {
			isa = XCBuildConfiguration;
			buildSettings = {
				ALWAYS_SEARCH_USER_PATHS = NO;
				CLANG_ANALYZER_NONNULL = YES;
				CLANG_ANALYZER_NUMBER_OBJECT_CONVERSION = YES_AGGRESSIVE;
				CLANG_CXX_LANGUAGE_STANDARD = "gnu++0x";
				CLANG_CXX_LIBRARY = "libc++";
				CLANG_ENABLE_MODULES = YES;
				CLANG_ENABLE_OBJC_ARC = YES;
				CLANG_WARN_BLOCK_CAPTURE_AUTORELEASING = YES;
				CLANG_WARN_BOOL_CONVERSION = YES;
				CLANG_WARN_COMMA = YES;
				CLANG_WARN_CONSTANT_CONVERSION = YES;
				CLANG_WARN_DIRECT_OBJC_ISA_USAGE = YES_ERROR;
				CLANG_WARN_DOCUMENTATION_COMMENTS = YES;
				CLANG_WARN_EMPTY_BODY = YES;
				CLANG_WARN_ENUM_CONVERSION = YES;
				CLANG_WARN_INFINITE_RECURSION = YES;
				CLANG_WARN_INT_CONVERSION = YES;
				CLANG_WARN_NON_LITERAL_NULL_CONVERSION = YES;
				CLANG_WARN_OBJC_LITERAL_CONVERSION = YES;
				CLANG_WARN_OBJC_ROOT_CLASS = YES_ERROR;
				CLANG_WARN_RANGE_LOOP_ANALYSIS = YES;
				CLANG_WARN_STRICT_PROTOTYPES = YES;
				CLANG_WARN_SUSPICIOUS_MOVE = YES;
				CLANG_WARN_UNREACHABLE_CODE = YES;
				CLANG_WARN__DUPLICATE_METHOD_MATCH = YES;
				"CODE_SIGN_IDENTITY[sdk=iphoneos*]" = "iPhone Developer";
				COPY_PHASE_STRIP = NO;
				DEBUG_INFORMATION_FORMAT = dwarf;
				ENABLE_STRICT_OBJC_MSGSEND = YES;
				ENABLE_TESTABILITY = YES;
				GCC_C_LANGUAGE_STANDARD = gnu99;
				GCC_DYNAMIC_NO_PIC = NO;
				GCC_NO_COMMON_BLOCKS = YES;
				GCC_OPTIMIZATION_LEVEL = 0;
				GCC_PREPROCESSOR_DEFINITIONS = (
					"DEBUG=1",
					"$(inherited)",
				);
				GCC_WARN_64_TO_32_BIT_CONVERSION = YES;
				GCC_WARN_ABOUT_RETURN_TYPE = YES_ERROR;
				GCC_WARN_UNDECLARED_SELECTOR = YES;
				GCC_WARN_UNINITIALIZED_AUTOS = YES_AGGRESSIVE;
				GCC_WARN_UNUSED_FUNCTION = YES;
				GCC_WARN_UNUSED_VARIABLE = YES;
				IPHONEOS_DEPLOYMENT_TARGET = 10.3;
				MTL_ENABLE_DEBUG_INFO = YES;
				ONLY_ACTIVE_ARCH = YES;
				SDKROOT = iphoneos;
				SWIFT_ACTIVE_COMPILATION_CONDITIONS = DEBUG;
				SWIFT_OPTIMIZATION_LEVEL = "-Onone";
				TARGETED_DEVICE_FAMILY = "1,2";
			};
			name = Debug;
		};
		83AE3DBC1ED1DB8A00B97D10 /* Release */ = {
			isa = XCBuildConfiguration;
			buildSettings = {
				ALWAYS_SEARCH_USER_PATHS = NO;
				CLANG_ANALYZER_NONNULL = YES;
				CLANG_ANALYZER_NUMBER_OBJECT_CONVERSION = YES_AGGRESSIVE;
				CLANG_CXX_LANGUAGE_STANDARD = "gnu++0x";
				CLANG_CXX_LIBRARY = "libc++";
				CLANG_ENABLE_MODULES = YES;
				CLANG_ENABLE_OBJC_ARC = YES;
				CLANG_WARN_BLOCK_CAPTURE_AUTORELEASING = YES;
				CLANG_WARN_BOOL_CONVERSION = YES;
				CLANG_WARN_COMMA = YES;
				CLANG_WARN_CONSTANT_CONVERSION = YES;
				CLANG_WARN_DIRECT_OBJC_ISA_USAGE = YES_ERROR;
				CLANG_WARN_DOCUMENTATION_COMMENTS = YES;
				CLANG_WARN_EMPTY_BODY = YES;
				CLANG_WARN_ENUM_CONVERSION = YES;
				CLANG_WARN_INFINITE_RECURSION = YES;
				CLANG_WARN_INT_CONVERSION = YES;
				CLANG_WARN_NON_LITERAL_NULL_CONVERSION = YES;
				CLANG_WARN_OBJC_LITERAL_CONVERSION = YES;
				CLANG_WARN_OBJC_ROOT_CLASS = YES_ERROR;
				CLANG_WARN_RANGE_LOOP_ANALYSIS = YES;
				CLANG_WARN_STRICT_PROTOTYPES = YES;
				CLANG_WARN_SUSPICIOUS_MOVE = YES;
				CLANG_WARN_UNREACHABLE_CODE = YES;
				CLANG_WARN__DUPLICATE_METHOD_MATCH = YES;
				"CODE_SIGN_IDENTITY[sdk=iphoneos*]" = "iPhone Developer";
				COPY_PHASE_STRIP = NO;
				DEBUG_INFORMATION_FORMAT = "dwarf-with-dsym";
				ENABLE_NS_ASSERTIONS = NO;
				ENABLE_STRICT_OBJC_MSGSEND = YES;
				GCC_C_LANGUAGE_STANDARD = gnu99;
				GCC_NO_COMMON_BLOCKS = YES;
				GCC_WARN_64_TO_32_BIT_CONVERSION = YES;
				GCC_WARN_ABOUT_RETURN_TYPE = YES_ERROR;
				GCC_WARN_UNDECLARED_SELECTOR = YES;
				GCC_WARN_UNINITIALIZED_AUTOS = YES_AGGRESSIVE;
				GCC_WARN_UNUSED_FUNCTION = YES;
				GCC_WARN_UNUSED_VARIABLE = YES;
				IPHONEOS_DEPLOYMENT_TARGET = 10.3;
				MTL_ENABLE_DEBUG_INFO = NO;
				SDKROOT = iphoneos;
				SWIFT_OPTIMIZATION_LEVEL = "-Owholemodule";
				TARGETED_DEVICE_FAMILY = "1,2";
				VALIDATE_PRODUCT = YES;
			};
			name = Release;
		};
		83AE3DBE1ED1DB8A00B97D10 /* Debug */ = {
			isa = XCBuildConfiguration;
			baseConfigurationReference = CA4BC513B0A7AC1DAD49B1D4 /* Pods-kbciOS.debug.xcconfig */;
			buildSettings = {
				ASSETCATALOG_COMPILER_APPICON_NAME = AppIcon;
				DEVELOPMENT_TEAM = 642Y56GPE5;
				INFOPLIST_FILE = kbciOS/Info.plist;
				LD_RUNPATH_SEARCH_PATHS = "$(inherited) @executable_path/Frameworks";
				PRODUCT_BUNDLE_IDENTIFIER = "-.kbciOS";
				PRODUCT_NAME = "$(TARGET_NAME)";
				SWIFT_SWIFT3_OBJC_INFERENCE = On;
				SWIFT_VERSION = 4.0;
			};
			name = Debug;
		};
		83AE3DBF1ED1DB8A00B97D10 /* Release */ = {
			isa = XCBuildConfiguration;
			baseConfigurationReference = B533FC971E12F744F4EB6EBD /* Pods-kbciOS.release.xcconfig */;
			buildSettings = {
				ASSETCATALOG_COMPILER_APPICON_NAME = AppIcon;
				DEVELOPMENT_TEAM = 642Y56GPE5;
				INFOPLIST_FILE = kbciOS/Info.plist;
				LD_RUNPATH_SEARCH_PATHS = "$(inherited) @executable_path/Frameworks";
				PRODUCT_BUNDLE_IDENTIFIER = "-.kbciOS";
				PRODUCT_NAME = "$(TARGET_NAME)";
				SWIFT_SWIFT3_OBJC_INFERENCE = On;
				SWIFT_VERSION = 4.0;
			};
			name = Release;
		};
		83AE3DC11ED1DB8A00B97D10 /* Debug */ = {
			isa = XCBuildConfiguration;
			baseConfigurationReference = 087FB7536B3D625010192F0C /* Pods-kbciOSTests.debug.xcconfig */;
			buildSettings = {
				ALWAYS_EMBED_SWIFT_STANDARD_LIBRARIES = YES;
				BUNDLE_LOADER = "$(TEST_HOST)";
				DEVELOPMENT_TEAM = 642Y56GPE5;
				INFOPLIST_FILE = kbciOSTests/Info.plist;
				LD_RUNPATH_SEARCH_PATHS = "$(inherited) @executable_path/Frameworks @loader_path/Frameworks";
				PRODUCT_BUNDLE_IDENTIFIER = "-.kbciOSTests";
				PRODUCT_NAME = "$(TARGET_NAME)";
				SWIFT_SWIFT3_OBJC_INFERENCE = On;
				SWIFT_VERSION = 4.0;
				TEST_HOST = "$(BUILT_PRODUCTS_DIR)/kbciOS.app/kbciOS";
			};
			name = Debug;
		};
		83AE3DC21ED1DB8A00B97D10 /* Release */ = {
			isa = XCBuildConfiguration;
			baseConfigurationReference = DEEA6F744BEAB05886242CFB /* Pods-kbciOSTests.release.xcconfig */;
			buildSettings = {
				ALWAYS_EMBED_SWIFT_STANDARD_LIBRARIES = YES;
				BUNDLE_LOADER = "$(TEST_HOST)";
				DEVELOPMENT_TEAM = 642Y56GPE5;
				INFOPLIST_FILE = kbciOSTests/Info.plist;
				LD_RUNPATH_SEARCH_PATHS = "$(inherited) @executable_path/Frameworks @loader_path/Frameworks";
				PRODUCT_BUNDLE_IDENTIFIER = "-.kbciOSTests";
				PRODUCT_NAME = "$(TARGET_NAME)";
				SWIFT_SWIFT3_OBJC_INFERENCE = On;
				SWIFT_VERSION = 4.0;
				TEST_HOST = "$(BUILT_PRODUCTS_DIR)/kbciOS.app/kbciOS";
			};
			name = Release;
		};
		83AE3DC41ED1DB8A00B97D10 /* Debug */ = {
			isa = XCBuildConfiguration;
			baseConfigurationReference = D61F011EC7963A45797D3391 /* Pods-kbciOSUITests.debug.xcconfig */;
			buildSettings = {
				ALWAYS_EMBED_SWIFT_STANDARD_LIBRARIES = YES;
				DEVELOPMENT_TEAM = 642Y56GPE5;
				INFOPLIST_FILE = kbciOSUITests/Info.plist;
				LD_RUNPATH_SEARCH_PATHS = "$(inherited) @executable_path/Frameworks @loader_path/Frameworks";
				PRODUCT_BUNDLE_IDENTIFIER = "-.kbciOSUITests";
				PRODUCT_NAME = "$(TARGET_NAME)";
				SWIFT_SWIFT3_OBJC_INFERENCE = On;
				SWIFT_VERSION = 4.0;
				TEST_TARGET_NAME = kbciOS;
			};
			name = Debug;
		};
		83AE3DC51ED1DB8A00B97D10 /* Release */ = {
			isa = XCBuildConfiguration;
			baseConfigurationReference = 77967B695DC414ABDD90ECFA /* Pods-kbciOSUITests.release.xcconfig */;
			buildSettings = {
				ALWAYS_EMBED_SWIFT_STANDARD_LIBRARIES = YES;
				DEVELOPMENT_TEAM = 642Y56GPE5;
				INFOPLIST_FILE = kbciOSUITests/Info.plist;
				LD_RUNPATH_SEARCH_PATHS = "$(inherited) @executable_path/Frameworks @loader_path/Frameworks";
				PRODUCT_BUNDLE_IDENTIFIER = "-.kbciOSUITests";
				PRODUCT_NAME = "$(TARGET_NAME)";
				SWIFT_SWIFT3_OBJC_INFERENCE = On;
				SWIFT_VERSION = 4.0;
				TEST_TARGET_NAME = kbciOS;
			};
			name = Release;
		};
/* End XCBuildConfiguration section */

/* Begin XCConfigurationList section */
		83AE3D901ED1DB8A00B97D10 /* Build configuration list for PBXProject "kbciOS" */ = {
			isa = XCConfigurationList;
			buildConfigurations = (
				83AE3DBB1ED1DB8A00B97D10 /* Debug */,
				83AE3DBC1ED1DB8A00B97D10 /* Release */,
			);
			defaultConfigurationIsVisible = 0;
			defaultConfigurationName = Release;
		};
		83AE3DBD1ED1DB8A00B97D10 /* Build configuration list for PBXNativeTarget "kbciOS" */ = {
			isa = XCConfigurationList;
			buildConfigurations = (
				83AE3DBE1ED1DB8A00B97D10 /* Debug */,
				83AE3DBF1ED1DB8A00B97D10 /* Release */,
			);
			defaultConfigurationIsVisible = 0;
			defaultConfigurationName = Release;
		};
		83AE3DC01ED1DB8A00B97D10 /* Build configuration list for PBXNativeTarget "kbciOSTests" */ = {
			isa = XCConfigurationList;
			buildConfigurations = (
				83AE3DC11ED1DB8A00B97D10 /* Debug */,
				83AE3DC21ED1DB8A00B97D10 /* Release */,
			);
			defaultConfigurationIsVisible = 0;
			defaultConfigurationName = Release;
		};
		83AE3DC31ED1DB8A00B97D10 /* Build configuration list for PBXNativeTarget "kbciOSUITests" */ = {
			isa = XCConfigurationList;
			buildConfigurations = (
				83AE3DC41ED1DB8A00B97D10 /* Debug */,
				83AE3DC51ED1DB8A00B97D10 /* Release */,
			);
			defaultConfigurationIsVisible = 0;
			defaultConfigurationName = Release;
		};
/* End XCConfigurationList section */
	};
	rootObject = 83AE3D8D1ED1DB8A00B97D10 /* Project object */;
}
